
Microsoft Visual Studio Solution File, Format Version 12.00
# Visual Studio Version 17
VisualStudioVersion = 17.4.33205.214
MinimumVisualStudioVersion = 10.0.40219.1
Project("{FAE04EC0-301F-11D3-BF4B-00C04F79EFBC}") = "01.Pool Day", "01.Pool Day\01.Pool Day.csproj", "{8F5B93AC-1F15-419A-9FD8-F9D607E8C320}"
EndProject
Project("{FAE04EC0-301F-11D3-BF4B-00C04F79EFBC}") = "02.Family Trip", "02.Family Trip\02.Family Trip.csproj", "{30F410C9-9CA0-49B4-8F38-50F847BA9442}"
EndProject
Project("{FAE04EC0-301F-11D3-BF4B-00C04F79EFBC}") = "03. Coffee Machine", "03. Coffee Machine\03. Coffee Machine.csproj", "{5C94E7E1-51EC-4C99-9CEB-15A8652D0C89}"
EndProject
Project("{FAE04EC0-301F-11D3-BF4B-00C04F79EFBC}") = "04. Travel Agency", "04. Travel Agency\04. Travel Agency.csproj", "{B84EA642-9DED-40A1-9FA0-323A64D8F818}"
EndProject
Project("{FAE04EC0-301F-11D3-BF4B-00C04F79EFBC}") = "05. Club", "05. Club\05. Club.csproj", "{24595CED-3CB8-46E6-B480-B2D75E1D0E26}"
EndProject
Project("{FAE04EC0-301F-11D3-BF4B-00C04F79EFBC}") = "06.Renovation", "06.Renovation\06.Renovation.csproj", "{77C398F1-E224-4D4E-B048-D44FCBC39894}"
EndProject
Project("{FAE04EC0-301F-11D3-BF4B-00C04F79EFBC}") = "07. PC Game Shop", "07. PC Game Shop\07. PC Game Shop.csproj", "{69D42CC8-792A-496B-AC22-C40E00B0A6A4}"
EndProject
Project("{FAE04EC0-301F-11D3-BF4B-00C04F79EFBC}") = "08. Football Tournament", "08. Football Tournament\08. Football Tournament.csproj", "{147878FB-5B79-4833-BDA7-9EA7E2DB2B09}"
EndProject
Project("{FAE04EC0-301F-11D3-BF4B-00C04F79EFBC}") = "09. Name Game", "06. Name Game\09. Name Game.csproj", "{BD0BA4B7-E324-43E6-80F5-43DCB2FB0CF5}"
EndProject
Project("{FAE04EC0-301F-11D3-BF4B-00C04F79EFBC}") = "10. The Most Powerful Word", "10. The Most Powerful Word\10. The Most Powerful Word.csproj", "{1325614E-CAF5-45AC-A0C5-51CDCAEF77E4}"
EndProject
Global
	GlobalSection(SolutionConfigurationPlatforms) = preSolution
		Debug|Any CPU = Debug|Any CPU
		Release|Any CPU = Release|Any CPU
	EndGlobalSection
	GlobalSection(ProjectConfigurationPlatforms) = postSolution
		{8F5B93AC-1F15-419A-9FD8-F9D607E8C320}.Debug|Any CPU.ActiveCfg = Debug|Any CPU
		{8F5B93AC-1F15-419A-9FD8-F9D607E8C320}.Debug|Any CPU.Build.0 = Debug|Any CPU
		{8F5B93AC-1F15-419A-9FD8-F9D607E8C320}.Release|Any CPU.ActiveCfg = Release|Any CPU
		{8F5B93AC-1F15-419A-9FD8-F9D607E8C320}.Release|Any CPU.Build.0 = Release|Any CPU
		{30F410C9-9CA0-49B4-8F38-50F847BA9442}.Debug|Any CPU.ActiveCfg = Debug|Any CPU
		{30F410C9-9CA0-49B4-8F38-50F847BA9442}.Debug|Any CPU.Build.0 = Debug|Any CPU
		{30F410C9-9CA0-49B4-8F38-50F847BA9442}.Release|Any CPU.ActiveCfg = Release|Any CPU
		{30F410C9-9CA0-49B4-8F38-50F847BA9442}.Release|Any CPU.Build.0 = Release|Any CPU
		{5C94E7E1-51EC-4C99-9CEB-15A8652D0C89}.Debug|Any CPU.ActiveCfg = Debug|Any CPU
		{5C94E7E1-51EC-4C99-9CEB-15A8652D0C89}.Debug|Any CPU.Build.0 = Debug|Any CPU
		{5C94E7E1-51EC-4C99-9CEB-15A8652D0C89}.Release|Any CPU.ActiveCfg = Release|Any CPU
		{5C94E7E1-51EC-4C99-9CEB-15A8652D0C89}.Release|Any CPU.Build.0 = Release|Any CPU
		{B84EA642-9DED-40A1-9FA0-323A64D8F818}.Debug|Any CPU.ActiveCfg = Debug|Any CPU
		{B84EA642-9DED-40A1-9FA0-323A64D8F818}.Debug|Any CPU.Build.0 = Debug|Any CPU
		{B84EA642-9DED-40A1-9FA0-323A64D8F818}.Release|Any CPU.ActiveCfg = Release|Any CPU
		{B84EA642-9DED-40A1-9FA0-323A64D8F818}.Release|Any CPU.Build.0 = Release|Any CPU
		{24595CED-3CB8-46E6-B480-B2D75E1D0E26}.Debug|Any CPU.ActiveCfg = Debug|Any CPU
		{24595CED-3CB8-46E6-B480-B2D75E1D0E26}.Debug|Any CPU.Build.0 = Debug|Any CPU
		{24595CED-3CB8-46E6-B480-B2D75E1D0E26}.Release|Any CPU.ActiveCfg = Release|Any CPU
		{24595CED-3CB8-46E6-B480-B2D75E1D0E26}.Release|Any CPU.Build.0 = Release|Any CPU
		{77C398F1-E224-4D4E-B048-D44FCBC39894}.Debug|Any CPU.ActiveCfg = Debug|Any CPU
		{77C398F1-E224-4D4E-B048-D44FCBC39894}.Debug|Any CPU.Build.0 = Debug|Any CPU
		{77C398F1-E224-4D4E-B048-D44FCBC39894}.Release|Any CPU.ActiveCfg = Release|Any CPU
		{77C398F1-E224-4D4E-B048-D44FCBC39894}.Release|Any CPU.Build.0 = Release|Any CPU
		{69D42CC8-792A-496B-AC22-C40E00B0A6A4}.Debug|Any CPU.ActiveCfg = Debug|Any CPU
		{69D42CC8-792A-496B-AC22-C40E00B0A6A4}.Debug|Any CPU.Build.0 = Debug|Any CPU
		{69D42CC8-792A-496B-AC22-C40E00B0A6A4}.Release|Any CPU.ActiveCfg = Release|Any CPU
		{69D42CC8-792A-496B-AC22-C40E00B0A6A4}.Release|Any CPU.Build.0 = Release|Any CPU
		{147878FB-5B79-4833-BDA7-9EA7E2DB2B09}.Debug|Any CPU.ActiveCfg = Debug|Any CPU
		{147878FB-5B79-4833-BDA7-9EA7E2DB2B09}.Debug|Any CPU.Build.0 = Debug|Any CPU
		{147878FB-5B79-4833-BDA7-9EA7E2DB2B09}.Release|Any CPU.ActiveCfg = Release|Any CPU
		{147878FB-5B79-4833-BDA7-9EA7E2DB2B09}.Release|Any CPU.Build.0 = Release|Any CPU
		{BD0BA4B7-E324-43E6-80F5-43DCB2FB0CF5}.Debug|Any CPU.ActiveCfg = Debug|Any CPU
		{BD0BA4B7-E324-43E6-80F5-43DCB2FB0CF5}.Debug|Any CPU.Build.0 = Debug|Any CPU
		{BD0BA4B7-E324-43E6-80F5-43DCB2FB0CF5}.Release|Any CPU.ActiveCfg = Release|Any CPU
		{BD0BA4B7-E324-43E6-80F5-43DCB2FB0CF5}.Release|Any CPU.Build.0 = Release|Any CPU
		{1325614E-CAF5-45AC-A0C5-51CDCAEF77E4}.Debug|Any CPU.ActiveCfg = Debug|Any CPU
		{1325614E-CAF5-45AC-A0C5-51CDCAEF77E4}.Debug|Any CPU.Build.0 = Debug|Any CPU
		{1325614E-CAF5-45AC-A0C5-51CDCAEF77E4}.Release|Any CPU.ActiveCfg = Release|Any CPU
		{1325614E-CAF5-45AC-A0C5-51CDCAEF77E4}.Release|Any CPU.Build.0 = Release|Any CPU
	EndGlobalSection
	GlobalSection(SolutionProperties) = preSolution
		HideSolutionNode = FALSE
	EndGlobalSection
	GlobalSection(ExtensibilityGlobals) = postSolution
		SolutionGuid = {A157C1D7-4053-4CCD-A05E-EA5991C3FBA9}
	EndGlobalSection
EndGlobal
